
Microsoft Visual Studio Solution File, Format Version 12.00
# Visual Studio Version 16
VisualStudioVersion = 16.6.30114.105
MinimumVisualStudioVersion = 10.0.40219.1
Project("{9A19103F-16F7-4668-BE54-9A1E7A4F7556}") = "R5T.D0098.Base", "R5T.D0098.Base\R5T.D0098.Base.csproj", "{847A5048-B792-4133-8089-7D1D96196FB9}"
EndProject
Project("{2150E333-8FDC-42A3-9474-1A3956D46DE8}") = "_Dependencies", "_Dependencies", "{44F43AA7-EA14-4D22-8B46-536CFE67CB12}"
EndProject
Project("{9A19103F-16F7-4668-BE54-9A1E7A4F7556}") = "R5T.D0098.I001", "R5T.D0098.I001\R5T.D0098.I001.csproj", "{C05FC5E4-69E3-482D-A180-0AB5BF3F182F}"
EndProject
Project("{9A19103F-16F7-4668-BE54-9A1E7A4F7556}") = "R5T.T0064", "..\..\R5T.T0064\source\R5T.T0064\R5T.T0064.csproj", "{B57734C1-BEC1-4CAA-9FA1-495F22AE05B7}"
EndProject
Project("{9A19103F-16F7-4668-BE54-9A1E7A4F7556}") = "R5T.T0091", "..\..\R5T.T0091\source\R5T.T0091\R5T.T0091.csproj", "{B4334956-32CC-40C4-BD36-22D22C60D86C}"
EndProject
Project("{9A19103F-16F7-4668-BE54-9A1E7A4F7556}") = "R5T.D0097.Base", "..\..\R5T.D0097\source\R5T.D0097.Base\R5T.D0097.Base.csproj", "{8A658E53-F4F1-4634-8907-9C80A380FB53}"
EndProject
Project("{9A19103F-16F7-4668-BE54-9A1E7A4F7556}") = "R5T.L0017", "..\..\R5T.L0017\source\R5T.L0017\R5T.L0017.csproj", "{0162A2A9-43DF-4831-9E65-BD554F642DEE}"
EndProject
Project("{9A19103F-16F7-4668-BE54-9A1E7A4F7556}") = "R5T.D0096.Base", "..\..\R5T.D0096\source\R5T.D0096.Base\R5T.D0096.Base.csproj", "{3054D434-0980-4FB7-B4A4-6A690A5C8AE7}"
EndProject
Project("{9A19103F-16F7-4668-BE54-9A1E7A4F7556}") = "R5T.D0097.I001", "..\..\R5T.D0097\source\R5T.D0097.I001\R5T.D0097.I001.csproj", "{126AA251-0C6F-4131-B9D2-49459F9DA4DB}"
EndProject
Project("{9A19103F-16F7-4668-BE54-9A1E7A4F7556}") = "R5T.L0017.D001", "..\..\R5T.L0017\source\R5T.L0017.D001\R5T.L0017.D001.csproj", "{FDBF8786-A675-460D-BFC3-9C459965803D}"
EndProject
Project("{9A19103F-16F7-4668-BE54-9A1E7A4F7556}") = "R5T.D0098.I002", "R5T.D0098.I002\R5T.D0098.I002.csproj", "{C0DEF1B2-D812-4FBE-865F-C477519FA69C}"
EndProject
Project("{9A19103F-16F7-4668-BE54-9A1E7A4F7556}") = "R5T.T0062.X001", "..\..\R5T.T0062\source\R5T.T0062.X001\R5T.T0062.X001.csproj", "{E52B0975-CC03-42D9-995A-72021542A56A}"
EndProject
Project("{9A19103F-16F7-4668-BE54-9A1E7A4F7556}") = "R5T.T0091.T001", "..\..\R5T.T0091\source\R5T.T0091.T001\R5T.T0091.T001.csproj", "{522B1E45-A77F-4A00-938B-F7C6CE87414E}"
EndProject
Global
	GlobalSection(SolutionConfigurationPlatforms) = preSolution
		Debug|Any CPU = Debug|Any CPU
		Debug|x64 = Debug|x64
		Debug|x86 = Debug|x86
		Release|Any CPU = Release|Any CPU
		Release|x64 = Release|x64
		Release|x86 = Release|x86
	EndGlobalSection
	GlobalSection(ProjectConfigurationPlatforms) = postSolution
		{847A5048-B792-4133-8089-7D1D96196FB9}.Debug|Any CPU.ActiveCfg = Debug|Any CPU
		{847A5048-B792-4133-8089-7D1D96196FB9}.Debug|Any CPU.Build.0 = Debug|Any CPU
		{847A5048-B792-4133-8089-7D1D96196FB9}.Debug|x64.ActiveCfg = Debug|Any CPU
		{847A5048-B792-4133-8089-7D1D96196FB9}.Debug|x64.Build.0 = Debug|Any CPU
		{847A5048-B792-4133-8089-7D1D96196FB9}.Debug|x86.ActiveCfg = Debug|Any CPU
		{847A5048-B792-4133-8089-7D1D96196FB9}.Debug|x86.Build.0 = Debug|Any CPU
		{847A5048-B792-4133-8089-7D1D96196FB9}.Release|Any CPU.ActiveCfg = Release|Any CPU
		{847A5048-B792-4133-8089-7D1D96196FB9}.Release|Any CPU.Build.0 = Release|Any CPU
		{847A5048-B792-4133-8089-7D1D96196FB9}.Release|x64.ActiveCfg = Release|Any CPU
		{847A5048-B792-4133-8089-7D1D96196FB9}.Release|x64.Build.0 = Release|Any CPU
		{847A5048-B792-4133-8089-7D1D96196FB9}.Release|x86.ActiveCfg = Release|Any CPU
		{847A5048-B792-4133-8089-7D1D96196FB9}.Release|x86.Build.0 = Release|Any CPU
		{C05FC5E4-69E3-482D-A180-0AB5BF3F182F}.Debug|Any CPU.ActiveCfg = Debug|Any CPU
		{C05FC5E4-69E3-482D-A180-0AB5BF3F182F}.Debug|Any CPU.Build.0 = Debug|Any CPU
		{C05FC5E4-69E3-482D-A180-0AB5BF3F182F}.Debug|x64.ActiveCfg = Debug|Any CPU
		{C05FC5E4-69E3-482D-A180-0AB5BF3F182F}.Debug|x64.Build.0 = Debug|Any CPU
		{C05FC5E4-69E3-482D-A180-0AB5BF3F182F}.Debug|x86.ActiveCfg = Debug|Any CPU
		{C05FC5E4-69E3-482D-A180-0AB5BF3F182F}.Debug|x86.Build.0 = Debug|Any CPU
		{C05FC5E4-69E3-482D-A180-0AB5BF3F182F}.Release|Any CPU.ActiveCfg = Release|Any CPU
		{C05FC5E4-69E3-482D-A180-0AB5BF3F182F}.Release|Any CPU.Build.0 = Release|Any CPU
		{C05FC5E4-69E3-482D-A180-0AB5BF3F182F}.Release|x64.ActiveCfg = Release|Any CPU
		{C05FC5E4-69E3-482D-A180-0AB5BF3F182F}.Release|x64.Build.0 = Release|Any CPU
		{C05FC5E4-69E3-482D-A180-0AB5BF3F182F}.Release|x86.ActiveCfg = Release|Any CPU
		{C05FC5E4-69E3-482D-A180-0AB5BF3F182F}.Release|x86.Build.0 = Release|Any CPU
		{B57734C1-BEC1-4CAA-9FA1-495F22AE05B7}.Debug|Any CPU.ActiveCfg = Debug|Any CPU
		{B57734C1-BEC1-4CAA-9FA1-495F22AE05B7}.Debug|Any CPU.Build.0 = Debug|Any CPU
		{B57734C1-BEC1-4CAA-9FA1-495F22AE05B7}.Debug|x64.ActiveCfg = Debug|Any CPU
		{B57734C1-BEC1-4CAA-9FA1-495F22AE05B7}.Debug|x64.Build.0 = Debug|Any CPU
		{B57734C1-BEC1-4CAA-9FA1-495F22AE05B7}.Debug|x86.ActiveCfg = Debug|Any CPU
		{B57734C1-BEC1-4CAA-9FA1-495F22AE05B7}.Debug|x86.Build.0 = Debug|Any CPU
		{B57734C1-BEC1-4CAA-9FA1-495F22AE05B7}.Release|Any CPU.ActiveCfg = Release|Any CPU
		{B57734C1-BEC1-4CAA-9FA1-495F22AE05B7}.Release|Any CPU.Build.0 = Release|Any CPU
		{B57734C1-BEC1-4CAA-9FA1-495F22AE05B7}.Release|x64.ActiveCfg = Release|Any CPU
		{B57734C1-BEC1-4CAA-9FA1-495F22AE05B7}.Release|x64.Build.0 = Release|Any CPU
		{B57734C1-BEC1-4CAA-9FA1-495F22AE05B7}.Release|x86.ActiveCfg = Release|Any CPU
		{B57734C1-BEC1-4CAA-9FA1-495F22AE05B7}.Release|x86.Build.0 = Release|Any CPU
		{B4334956-32CC-40C4-BD36-22D22C60D86C}.Debug|Any CPU.ActiveCfg = Debug|Any CPU
		{B4334956-32CC-40C4-BD36-22D22C60D86C}.Debug|Any CPU.Build.0 = Debug|Any CPU
		{B4334956-32CC-40C4-BD36-22D22C60D86C}.Debug|x64.ActiveCfg = Debug|Any CPU
		{B4334956-32CC-40C4-BD36-22D22C60D86C}.Debug|x64.Build.0 = Debug|Any CPU
		{B4334956-32CC-40C4-BD36-22D22C60D86C}.Debug|x86.ActiveCfg = Debug|Any CPU
		{B4334956-32CC-40C4-BD36-22D22C60D86C}.Debug|x86.Build.0 = Debug|Any CPU
		{B4334956-32CC-40C4-BD36-22D22C60D86C}.Release|Any CPU.ActiveCfg = Release|Any CPU
		{B4334956-32CC-40C4-BD36-22D22C60D86C}.Release|Any CPU.Build.0 = Release|Any CPU
		{B4334956-32CC-40C4-BD36-22D22C60D86C}.Release|x64.ActiveCfg = Release|Any CPU
		{B4334956-32CC-40C4-BD36-22D22C60D86C}.Release|x64.Build.0 = Release|Any CPU
		{B4334956-32CC-40C4-BD36-22D22C60D86C}.Release|x86.ActiveCfg = Release|Any CPU
		{B4334956-32CC-40C4-BD36-22D22C60D86C}.Release|x86.Build.0 = Release|Any CPU
		{8A658E53-F4F1-4634-8907-9C80A380FB53}.Debug|Any CPU.ActiveCfg = Debug|Any CPU
		{8A658E53-F4F1-4634-8907-9C80A380FB53}.Debug|Any CPU.Build.0 = Debug|Any CPU
		{8A658E53-F4F1-4634-8907-9C80A380FB53}.Debug|x64.ActiveCfg = Debug|Any CPU
		{8A658E53-F4F1-4634-8907-9C80A380FB53}.Debug|x64.Build.0 = Debug|Any CPU
		{8A658E53-F4F1-4634-8907-9C80A380FB53}.Debug|x86.ActiveCfg = Debug|Any CPU
		{8A658E53-F4F1-4634-8907-9C80A380FB53}.Debug|x86.Build.0 = Debug|Any CPU
		{8A658E53-F4F1-4634-8907-9C80A380FB53}.Release|Any CPU.ActiveCfg = Release|Any CPU
		{8A658E53-F4F1-4634-8907-9C80A380FB53}.Release|Any CPU.Build.0 = Release|Any CPU
		{8A658E53-F4F1-4634-8907-9C80A380FB53}.Release|x64.ActiveCfg = Release|Any CPU
		{8A658E53-F4F1-4634-8907-9C80A380FB53}.Release|x64.Build.0 = Release|Any CPU
		{8A658E53-F4F1-4634-8907-9C80A380FB53}.Release|x86.ActiveCfg = Release|Any CPU
		{8A658E53-F4F1-4634-8907-9C80A380FB53}.Release|x86.Build.0 = Release|Any CPU
		{0162A2A9-43DF-4831-9E65-BD554F642DEE}.Debug|Any CPU.ActiveCfg = Debug|Any CPU
		{0162A2A9-43DF-4831-9E65-BD554F642DEE}.Debug|Any CPU.Build.0 = Debug|Any CPU
		{0162A2A9-43DF-4831-9E65-BD554F642DEE}.Debug|x64.ActiveCfg = Debug|Any CPU
		{0162A2A9-43DF-4831-9E65-BD554F642DEE}.Debug|x64.Build.0 = Debug|Any CPU
		{0162A2A9-43DF-4831-9E65-BD554F642DEE}.Debug|x86.ActiveCfg = Debug|Any CPU
		{0162A2A9-43DF-4831-9E65-BD554F642DEE}.Debug|x86.Build.0 = Debug|Any CPU
		{0162A2A9-43DF-4831-9E65-BD554F642DEE}.Release|Any CPU.ActiveCfg = Release|Any CPU
		{0162A2A9-43DF-4831-9E65-BD554F642DEE}.Release|Any CPU.Build.0 = Release|Any CPU
		{0162A2A9-43DF-4831-9E65-BD554F642DEE}.Release|x64.ActiveCfg = Release|Any CPU
		{0162A2A9-43DF-4831-9E65-BD554F642DEE}.Release|x64.Build.0 = Release|Any CPU
		{0162A2A9-43DF-4831-9E65-BD554F642DEE}.Release|x86.ActiveCfg = Release|Any CPU
		{0162A2A9-43DF-4831-9E65-BD554F642DEE}.Release|x86.Build.0 = Release|Any CPU
		{3054D434-0980-4FB7-B4A4-6A690A5C8AE7}.Debug|Any CPU.ActiveCfg = Debug|Any CPU
		{3054D434-0980-4FB7-B4A4-6A690A5C8AE7}.Debug|Any CPU.Build.0 = Debug|Any CPU
		{3054D434-0980-4FB7-B4A4-6A690A5C8AE7}.Debug|x64.ActiveCfg = Debug|Any CPU
		{3054D434-0980-4FB7-B4A4-6A690A5C8AE7}.Debug|x64.Build.0 = Debug|Any CPU
		{3054D434-0980-4FB7-B4A4-6A690A5C8AE7}.Debug|x86.ActiveCfg = Debug|Any CPU
		{3054D434-0980-4FB7-B4A4-6A690A5C8AE7}.Debug|x86.Build.0 = Debug|Any CPU
		{3054D434-0980-4FB7-B4A4-6A690A5C8AE7}.Release|Any CPU.ActiveCfg = Release|Any CPU
		{3054D434-0980-4FB7-B4A4-6A690A5C8AE7}.Release|Any CPU.Build.0 = Release|Any CPU
		{3054D434-0980-4FB7-B4A4-6A690A5C8AE7}.Release|x64.ActiveCfg = Release|Any CPU
		{3054D434-0980-4FB7-B4A4-6A690A5C8AE7}.Release|x64.Build.0 = Release|Any CPU
		{3054D434-0980-4FB7-B4A4-6A690A5C8AE7}.Release|x86.ActiveCfg = Release|Any CPU
		{3054D434-0980-4FB7-B4A4-6A690A5C8AE7}.Release|x86.Build.0 = Release|Any CPU
		{126AA251-0C6F-4131-B9D2-49459F9DA4DB}.Debug|Any CPU.ActiveCfg = Debug|Any CPU
		{126AA251-0C6F-4131-B9D2-49459F9DA4DB}.Debug|Any CPU.Build.0 = Debug|Any CPU
		{126AA251-0C6F-4131-B9D2-49459F9DA4DB}.Debug|x64.ActiveCfg = Debug|Any CPU
		{126AA251-0C6F-4131-B9D2-49459F9DA4DB}.Debug|x64.Build.0 = Debug|Any CPU
		{126AA251-0C6F-4131-B9D2-49459F9DA4DB}.Debug|x86.ActiveCfg = Debug|Any CPU
		{126AA251-0C6F-4131-B9D2-49459F9DA4DB}.Debug|x86.Build.0 = Debug|Any CPU
		{126AA251-0C6F-4131-B9D2-49459F9DA4DB}.Release|Any CPU.ActiveCfg = Release|Any CPU
		{126AA251-0C6F-4131-B9D2-49459F9DA4DB}.Release|Any CPU.Build.0 = Release|Any CPU
		{126AA251-0C6F-4131-B9D2-49459F9DA4DB}.Release|x64.ActiveCfg = Release|Any CPU
		{126AA251-0C6F-4131-B9D2-49459F9DA4DB}.Release|x64.Build.0 = Release|Any CPU
		{126AA251-0C6F-4131-B9D2-49459F9DA4DB}.Release|x86.ActiveCfg = Release|Any CPU
		{126AA251-0C6F-4131-B9D2-49459F9DA4DB}.Release|x86.Build.0 = Release|Any CPU
		{FDBF8786-A675-460D-BFC3-9C459965803D}.Debug|Any CPU.ActiveCfg = Debug|Any CPU
		{FDBF8786-A675-460D-BFC3-9C459965803D}.Debug|Any CPU.Build.0 = Debug|Any CPU
		{FDBF8786-A675-460D-BFC3-9C459965803D}.Debug|x64.ActiveCfg = Debug|Any CPU
		{FDBF8786-A675-460D-BFC3-9C459965803D}.Debug|x64.Build.0 = Debug|Any CPU
		{FDBF8786-A675-460D-BFC3-9C459965803D}.Debug|x86.ActiveCfg = Debug|Any CPU
		{FDBF8786-A675-460D-BFC3-9C459965803D}.Debug|x86.Build.0 = Debug|Any CPU
		{FDBF8786-A675-460D-BFC3-9C459965803D}.Release|Any CPU.ActiveCfg = Release|Any CPU
		{FDBF8786-A675-460D-BFC3-9C459965803D}.Release|Any CPU.Build.0 = Release|Any CPU
		{FDBF8786-A675-460D-BFC3-9C459965803D}.Release|x64.ActiveCfg = Release|Any CPU
		{FDBF8786-A675-460D-BFC3-9C459965803D}.Release|x64.Build.0 = Release|Any CPU
		{FDBF8786-A675-460D-BFC3-9C459965803D}.Release|x86.ActiveCfg = Release|Any CPU
		{FDBF8786-A675-460D-BFC3-9C459965803D}.Release|x86.Build.0 = Release|Any CPU
		{C0DEF1B2-D812-4FBE-865F-C477519FA69C}.Debug|Any CPU.ActiveCfg = Debug|Any CPU
		{C0DEF1B2-D812-4FBE-865F-C477519FA69C}.Debug|Any CPU.Build.0 = Debug|Any CPU
		{C0DEF1B2-D812-4FBE-865F-C477519FA69C}.Debug|x64.ActiveCfg = Debug|Any CPU
		{C0DEF1B2-D812-4FBE-865F-C477519FA69C}.Debug|x64.Build.0 = Debug|Any CPU
		{C0DEF1B2-D812-4FBE-865F-C477519FA69C}.Debug|x86.ActiveCfg = Debug|Any CPU
		{C0DEF1B2-D812-4FBE-865F-C477519FA69C}.Debug|x86.Build.0 = Debug|Any CPU
		{C0DEF1B2-D812-4FBE-865F-C477519FA69C}.Release|Any CPU.ActiveCfg = Release|Any CPU
		{C0DEF1B2-D812-4FBE-865F-C477519FA69C}.Release|Any CPU.Build.0 = Release|Any CPU
		{C0DEF1B2-D812-4FBE-865F-C477519FA69C}.Release|x64.ActiveCfg = Release|Any CPU
		{C0DEF1B2-D812-4FBE-865F-C477519FA69C}.Release|x64.Build.0 = Release|Any CPU
		{C0DEF1B2-D812-4FBE-865F-C477519FA69C}.Release|x86.ActiveCfg = Release|Any CPU
		{C0DEF1B2-D812-4FBE-865F-C477519FA69C}.Release|x86.Build.0 = Release|Any CPU
		{E52B0975-CC03-42D9-995A-72021542A56A}.Debug|Any CPU.ActiveCfg = Debug|Any CPU
		{E52B0975-CC03-42D9-995A-72021542A56A}.Debug|Any CPU.Build.0 = Debug|Any CPU
		{E52B0975-CC03-42D9-995A-72021542A56A}.Debug|x64.ActiveCfg = Debug|Any CPU
		{E52B0975-CC03-42D9-995A-72021542A56A}.Debug|x64.Build.0 = Debug|Any CPU
		{E52B0975-CC03-42D9-995A-72021542A56A}.Debug|x86.ActiveCfg = Debug|Any CPU
		{E52B0975-CC03-42D9-995A-72021542A56A}.Debug|x86.Build.0 = Debug|Any CPU
		{E52B0975-CC03-42D9-995A-72021542A56A}.Release|Any CPU.ActiveCfg = Release|Any CPU
		{E52B0975-CC03-42D9-995A-72021542A56A}.Release|Any CPU.Build.0 = Release|Any CPU
		{E52B0975-CC03-42D9-995A-72021542A56A}.Release|x64.ActiveCfg = Release|Any CPU
		{E52B0975-CC03-42D9-995A-72021542A56A}.Release|x64.Build.0 = Release|Any CPU
		{E52B0975-CC03-42D9-995A-72021542A56A}.Release|x86.ActiveCfg = Release|Any CPU
		{E52B0975-CC03-42D9-995A-72021542A56A}.Release|x86.Build.0 = Release|Any CPU
		{522B1E45-A77F-4A00-938B-F7C6CE87414E}.Debug|Any CPU.ActiveCfg = Debug|Any CPU
		{522B1E45-A77F-4A00-938B-F7C6CE87414E}.Debug|Any CPU.Build.0 = Debug|Any CPU
		{522B1E45-A77F-4A00-938B-F7C6CE87414E}.Debug|x64.ActiveCfg = Debug|Any CPU
		{522B1E45-A77F-4A00-938B-F7C6CE87414E}.Debug|x64.Build.0 = Debug|Any CPU
		{522B1E45-A77F-4A00-938B-F7C6CE87414E}.Debug|x86.ActiveCfg = Debug|Any CPU
		{522B1E45-A77F-4A00-938B-F7C6CE87414E}.Debug|x86.Build.0 = Debug|Any CPU
		{522B1E45-A77F-4A00-938B-F7C6CE87414E}.Release|Any CPU.ActiveCfg = Release|Any CPU
		{522B1E45-A77F-4A00-938B-F7C6CE87414E}.Release|Any CPU.Build.0 = Release|Any CPU
		{522B1E45-A77F-4A00-938B-F7C6CE87414E}.Release|x64.ActiveCfg = Release|Any CPU
		{522B1E45-A77F-4A00-938B-F7C6CE87414E}.Release|x64.Build.0 = Release|Any CPU
		{522B1E45-A77F-4A00-938B-F7C6CE87414E}.Release|x86.ActiveCfg = Release|Any CPU
		{522B1E45-A77F-4A00-938B-F7C6CE87414E}.Release|x86.Build.0 = Release|Any CPU
	EndGlobalSection
	GlobalSection(SolutionProperties) = preSolution
		HideSolutionNode = FALSE
	EndGlobalSection
	GlobalSection(NestedProjects) = preSolution
		{B57734C1-BEC1-4CAA-9FA1-495F22AE05B7} = {44F43AA7-EA14-4D22-8B46-536CFE67CB12}
		{B4334956-32CC-40C4-BD36-22D22C60D86C} = {44F43AA7-EA14-4D22-8B46-536CFE67CB12}
		{8A658E53-F4F1-4634-8907-9C80A380FB53} = {44F43AA7-EA14-4D22-8B46-536CFE67CB12}
		{0162A2A9-43DF-4831-9E65-BD554F642DEE} = {44F43AA7-EA14-4D22-8B46-536CFE67CB12}
		{3054D434-0980-4FB7-B4A4-6A690A5C8AE7} = {44F43AA7-EA14-4D22-8B46-536CFE67CB12}
		{126AA251-0C6F-4131-B9D2-49459F9DA4DB} = {44F43AA7-EA14-4D22-8B46-536CFE67CB12}
		{FDBF8786-A675-460D-BFC3-9C459965803D} = {44F43AA7-EA14-4D22-8B46-536CFE67CB12}
		{E52B0975-CC03-42D9-995A-72021542A56A} = {44F43AA7-EA14-4D22-8B46-536CFE67CB12}
		{522B1E45-A77F-4A00-938B-F7C6CE87414E} = {44F43AA7-EA14-4D22-8B46-536CFE67CB12}
	EndGlobalSection
	GlobalSection(ExtensibilityGlobals) = postSolution
		SolutionGuid = {430174D2-8872-452E-A487-3DB3E571A7DF}
	EndGlobalSection
EndGlobal
