
Microsoft Visual Studio Solution File, Format Version 12.00
# Visual Studio Version 17
VisualStudioVersion = 17.2.32630.192
MinimumVisualStudioVersion = 10.0.40219.1
Project("{FAE04EC0-301F-11D3-BF4B-00C04F79EFBC}") = "R5T.D0098.A001", "R5T.D0098.A001\R5T.D0098.A001.csproj", "{97352EFB-1350-4553-9C5C-14B4A3282FC8}"
EndProject
Project("{FAE04EC0-301F-11D3-BF4B-00C04F79EFBC}") = "R5T.D0098.I001", "R5T.D0098.I001\R5T.D0098.I001.csproj", "{B4F2814D-0712-4F41-9021-6E7897B009DE}"
EndProject
Project("{FAE04EC0-301F-11D3-BF4B-00C04F79EFBC}") = "R5T.D0098.Base", "R5T.D0098.Base\R5T.D0098.Base.csproj", "{61AAC3C7-1FEE-4261-BD3E-CCB12E324234}"
EndProject
Project("{2150E333-8FDC-42A3-9474-1A3956D46DE8}") = "_Dependencies", "_Dependencies", "{4CD03E99-2F9C-4385-A266-0AF1C80BCA6A}"
EndProject
Project("{FAE04EC0-301F-11D3-BF4B-00C04F79EFBC}") = "R5T.Dacia.Extensions", "..\..\R5T.Dacia.Extensions\source\R5T.Dacia.Extensions\R5T.Dacia.Extensions.csproj", "{DDA1CA3B-95D0-42DA-9D99-3543A4CB911A}"
EndProject
Project("{FAE04EC0-301F-11D3-BF4B-00C04F79EFBC}") = "R5T.Dacia.T002", "..\..\R5T.Dacia\source\R5T.Dacia.T002\R5T.Dacia.T002.csproj", "{E65C0F95-EDCF-42DD-8E30-646F2F611235}"
EndProject
Project("{9A19103F-16F7-4668-BE54-9A1E7A4F7556}") = "R5T.D0096.Base", "..\..\R5T.D0096\source\R5T.D0096.Base\R5T.D0096.Base.csproj", "{2182AB4F-29B9-4005-AEBA-4F5825DE19ED}"
EndProject
Project("{9A19103F-16F7-4668-BE54-9A1E7A4F7556}") = "R5T.D0097.Base", "..\..\R5T.D0097\source\R5T.D0097.Base\R5T.D0097.Base.csproj", "{0D9C9E71-BE61-4F67-A0A1-455D1ABDA50B}"
EndProject
Project("{9A19103F-16F7-4668-BE54-9A1E7A4F7556}") = "R5T.D0097.I001", "..\..\R5T.D0097\source\R5T.D0097.I001\R5T.D0097.I001.csproj", "{AFDED54B-725D-4E73-8F94-4A1872E2AD41}"
EndProject
Project("{9A19103F-16F7-4668-BE54-9A1E7A4F7556}") = "R5T.Dacia", "..\..\R5T.Dacia\source\R5T.Dacia\R5T.Dacia.csproj", "{CDE9B3AC-EA99-4C49-AC63-21983AE86AC1}"
EndProject
Project("{9A19103F-16F7-4668-BE54-9A1E7A4F7556}") = "R5T.L0013", "..\..\R5T.L0013\source\R5T.L0013\R5T.L0013.csproj", "{8BBD2E97-BC36-4C27-BAC0-A955D07F19B3}"
EndProject
Project("{9A19103F-16F7-4668-BE54-9A1E7A4F7556}") = "R5T.L0017.D001", "..\..\R5T.L0017\source\R5T.L0017.D001\R5T.L0017.D001.csproj", "{AA0BE51E-5152-4D53-8951-62BE1B3413F6}"
EndProject
Project("{9A19103F-16F7-4668-BE54-9A1E7A4F7556}") = "R5T.L0017", "..\..\R5T.L0017\source\R5T.L0017\R5T.L0017.csproj", "{A0384205-4BA9-4024-A304-1CFED3454EA8}"
EndProject
Project("{9A19103F-16F7-4668-BE54-9A1E7A4F7556}") = "R5T.L0019", "..\..\R5T.L0019\source\R5T.L0019\R5T.L0019.csproj", "{90092C6F-B41B-4AC6-B776-EF1B0EC43F03}"
EndProject
Project("{9A19103F-16F7-4668-BE54-9A1E7A4F7556}") = "R5T.Magyar", "..\..\R5T.Magyar\source\R5T.Magyar\R5T.Magyar.csproj", "{7B03ADBC-00A8-4832-95B1-08FABEBC7082}"
EndProject
Project("{9A19103F-16F7-4668-BE54-9A1E7A4F7556}") = "R5T.T0039.T002", "..\..\R5T.T0039\source\R5T.T0039.T002\R5T.T0039.T002.csproj", "{B836DE7F-8FDD-4E57-B0FB-99007F91485E}"
EndProject
Project("{9A19103F-16F7-4668-BE54-9A1E7A4F7556}") = "R5T.T0062.X001", "..\..\R5T.T0062\source\R5T.T0062.X001\R5T.T0062.X001.csproj", "{5E0BD421-397B-47EB-98C3-0797D79575DB}"
EndProject
Project("{9A19103F-16F7-4668-BE54-9A1E7A4F7556}") = "R5T.T0062", "..\..\R5T.T0062\source\R5T.T0062\R5T.T0062.csproj", "{DB9BA7B5-3BD4-4C76-B5B7-8AAACC10C746}"
EndProject
Project("{9A19103F-16F7-4668-BE54-9A1E7A4F7556}") = "R5T.T0063", "..\..\R5T.T0063\source\R5T.T0063\R5T.T0063.csproj", "{DE47BA74-E5AA-4758-981D-ABD02F103C97}"
EndProject
Project("{9A19103F-16F7-4668-BE54-9A1E7A4F7556}") = "R5T.T0064.T001", "..\..\R5T.T0064\source\R5T.T0064.T001\R5T.T0064.T001.csproj", "{5E3C22C2-5387-4A5C-AEF0-5669BF6BC6FE}"
EndProject
Project("{9A19103F-16F7-4668-BE54-9A1E7A4F7556}") = "R5T.T0064", "..\..\R5T.T0064\source\R5T.T0064\R5T.T0064.csproj", "{1E7BD462-690C-425F-B8A9-1E5E50C624DE}"
EndProject
Project("{9A19103F-16F7-4668-BE54-9A1E7A4F7556}") = "R5T.T0090", "..\..\R5T.T0090\source\R5T.T0090\R5T.T0090.csproj", "{0A761728-4780-476A-80F6-B052CCAF79BA}"
EndProject
Project("{9A19103F-16F7-4668-BE54-9A1E7A4F7556}") = "R5T.T0091", "..\..\R5T.T0091\source\R5T.T0091\R5T.T0091.csproj", "{9822863F-B431-4FE8-B4E3-A5FA35224A31}"
EndProject
Project("{9A19103F-16F7-4668-BE54-9A1E7A4F7556}") = "R5T.T0143", "..\..\R5T.T0143\source\R5T.T0143\R5T.T0143.csproj", "{86132F40-BEF0-4D51-A3E7-6894CB5809BA}"
EndProject
Global
	GlobalSection(NestedProjects) = preSolution
		{DDA1CA3B-95D0-42DA-9D99-3543A4CB911A} = {4CD03E99-2F9C-4385-A266-0AF1C80BCA6A}
		{E65C0F95-EDCF-42DD-8E30-646F2F611235} = {4CD03E99-2F9C-4385-A266-0AF1C80BCA6A}
		{2182AB4F-29B9-4005-AEBA-4F5825DE19ED} = {4CD03E99-2F9C-4385-A266-0AF1C80BCA6A}
		{0D9C9E71-BE61-4F67-A0A1-455D1ABDA50B} = {4CD03E99-2F9C-4385-A266-0AF1C80BCA6A}
		{AFDED54B-725D-4E73-8F94-4A1872E2AD41} = {4CD03E99-2F9C-4385-A266-0AF1C80BCA6A}
		{CDE9B3AC-EA99-4C49-AC63-21983AE86AC1} = {4CD03E99-2F9C-4385-A266-0AF1C80BCA6A}
		{8BBD2E97-BC36-4C27-BAC0-A955D07F19B3} = {4CD03E99-2F9C-4385-A266-0AF1C80BCA6A}
		{AA0BE51E-5152-4D53-8951-62BE1B3413F6} = {4CD03E99-2F9C-4385-A266-0AF1C80BCA6A}
		{A0384205-4BA9-4024-A304-1CFED3454EA8} = {4CD03E99-2F9C-4385-A266-0AF1C80BCA6A}
		{90092C6F-B41B-4AC6-B776-EF1B0EC43F03} = {4CD03E99-2F9C-4385-A266-0AF1C80BCA6A}
		{7B03ADBC-00A8-4832-95B1-08FABEBC7082} = {4CD03E99-2F9C-4385-A266-0AF1C80BCA6A}
		{B836DE7F-8FDD-4E57-B0FB-99007F91485E} = {4CD03E99-2F9C-4385-A266-0AF1C80BCA6A}
		{5E0BD421-397B-47EB-98C3-0797D79575DB} = {4CD03E99-2F9C-4385-A266-0AF1C80BCA6A}
		{DB9BA7B5-3BD4-4C76-B5B7-8AAACC10C746} = {4CD03E99-2F9C-4385-A266-0AF1C80BCA6A}
		{DE47BA74-E5AA-4758-981D-ABD02F103C97} = {4CD03E99-2F9C-4385-A266-0AF1C80BCA6A}
		{5E3C22C2-5387-4A5C-AEF0-5669BF6BC6FE} = {4CD03E99-2F9C-4385-A266-0AF1C80BCA6A}
		{1E7BD462-690C-425F-B8A9-1E5E50C624DE} = {4CD03E99-2F9C-4385-A266-0AF1C80BCA6A}
		{0A761728-4780-476A-80F6-B052CCAF79BA} = {4CD03E99-2F9C-4385-A266-0AF1C80BCA6A}
		{9822863F-B431-4FE8-B4E3-A5FA35224A31} = {4CD03E99-2F9C-4385-A266-0AF1C80BCA6A}
		{86132F40-BEF0-4D51-A3E7-6894CB5809BA} = {4CD03E99-2F9C-4385-A266-0AF1C80BCA6A}
	EndGlobalSection
	GlobalSection(SolutionConfigurationPlatforms) = preSolution
		Debug|Any CPU = Debug|Any CPU
		Debug|x64 = Debug|x64
		Debug|x86 = Debug|x86
		Release|Any CPU = Release|Any CPU
		Release|x64 = Release|x64
		Release|x86 = Release|x86
	EndGlobalSection
	GlobalSection(ProjectConfigurationPlatforms) = postSolution
		{97352EFB-1350-4553-9C5C-14B4A3282FC8}.Debug|Any CPU.ActiveCfg = Debug|Any CPU
		{97352EFB-1350-4553-9C5C-14B4A3282FC8}.Debug|Any CPU.Build.0 = Debug|Any CPU
		{97352EFB-1350-4553-9C5C-14B4A3282FC8}.Debug|x64.ActiveCfg = Debug|Any CPU
		{97352EFB-1350-4553-9C5C-14B4A3282FC8}.Debug|x64.Build.0 = Debug|Any CPU
		{97352EFB-1350-4553-9C5C-14B4A3282FC8}.Debug|x86.ActiveCfg = Debug|Any CPU
		{97352EFB-1350-4553-9C5C-14B4A3282FC8}.Debug|x86.Build.0 = Debug|Any CPU
		{97352EFB-1350-4553-9C5C-14B4A3282FC8}.Release|Any CPU.ActiveCfg = Release|Any CPU
		{97352EFB-1350-4553-9C5C-14B4A3282FC8}.Release|Any CPU.Build.0 = Release|Any CPU
		{97352EFB-1350-4553-9C5C-14B4A3282FC8}.Release|x64.ActiveCfg = Release|Any CPU
		{97352EFB-1350-4553-9C5C-14B4A3282FC8}.Release|x64.Build.0 = Release|Any CPU
		{97352EFB-1350-4553-9C5C-14B4A3282FC8}.Release|x86.ActiveCfg = Release|Any CPU
		{97352EFB-1350-4553-9C5C-14B4A3282FC8}.Release|x86.Build.0 = Release|Any CPU
		{B4F2814D-0712-4F41-9021-6E7897B009DE}.Debug|Any CPU.ActiveCfg = Debug|Any CPU
		{B4F2814D-0712-4F41-9021-6E7897B009DE}.Debug|Any CPU.Build.0 = Debug|Any CPU
		{B4F2814D-0712-4F41-9021-6E7897B009DE}.Debug|x64.ActiveCfg = Debug|Any CPU
		{B4F2814D-0712-4F41-9021-6E7897B009DE}.Debug|x64.Build.0 = Debug|Any CPU
		{B4F2814D-0712-4F41-9021-6E7897B009DE}.Debug|x86.ActiveCfg = Debug|Any CPU
		{B4F2814D-0712-4F41-9021-6E7897B009DE}.Debug|x86.Build.0 = Debug|Any CPU
		{B4F2814D-0712-4F41-9021-6E7897B009DE}.Release|Any CPU.ActiveCfg = Release|Any CPU
		{B4F2814D-0712-4F41-9021-6E7897B009DE}.Release|Any CPU.Build.0 = Release|Any CPU
		{B4F2814D-0712-4F41-9021-6E7897B009DE}.Release|x64.ActiveCfg = Release|Any CPU
		{B4F2814D-0712-4F41-9021-6E7897B009DE}.Release|x64.Build.0 = Release|Any CPU
		{B4F2814D-0712-4F41-9021-6E7897B009DE}.Release|x86.ActiveCfg = Release|Any CPU
		{B4F2814D-0712-4F41-9021-6E7897B009DE}.Release|x86.Build.0 = Release|Any CPU
		{61AAC3C7-1FEE-4261-BD3E-CCB12E324234}.Debug|Any CPU.ActiveCfg = Debug|Any CPU
		{61AAC3C7-1FEE-4261-BD3E-CCB12E324234}.Debug|Any CPU.Build.0 = Debug|Any CPU
		{61AAC3C7-1FEE-4261-BD3E-CCB12E324234}.Debug|x64.ActiveCfg = Debug|Any CPU
		{61AAC3C7-1FEE-4261-BD3E-CCB12E324234}.Debug|x64.Build.0 = Debug|Any CPU
		{61AAC3C7-1FEE-4261-BD3E-CCB12E324234}.Debug|x86.ActiveCfg = Debug|Any CPU
		{61AAC3C7-1FEE-4261-BD3E-CCB12E324234}.Debug|x86.Build.0 = Debug|Any CPU
		{61AAC3C7-1FEE-4261-BD3E-CCB12E324234}.Release|Any CPU.ActiveCfg = Release|Any CPU
		{61AAC3C7-1FEE-4261-BD3E-CCB12E324234}.Release|Any CPU.Build.0 = Release|Any CPU
		{61AAC3C7-1FEE-4261-BD3E-CCB12E324234}.Release|x64.ActiveCfg = Release|Any CPU
		{61AAC3C7-1FEE-4261-BD3E-CCB12E324234}.Release|x64.Build.0 = Release|Any CPU
		{61AAC3C7-1FEE-4261-BD3E-CCB12E324234}.Release|x86.ActiveCfg = Release|Any CPU
		{61AAC3C7-1FEE-4261-BD3E-CCB12E324234}.Release|x86.Build.0 = Release|Any CPU
		{DDA1CA3B-95D0-42DA-9D99-3543A4CB911A}.Debug|Any CPU.ActiveCfg = Debug|Any CPU
		{DDA1CA3B-95D0-42DA-9D99-3543A4CB911A}.Debug|Any CPU.Build.0 = Debug|Any CPU
		{DDA1CA3B-95D0-42DA-9D99-3543A4CB911A}.Debug|x64.ActiveCfg = Debug|Any CPU
		{DDA1CA3B-95D0-42DA-9D99-3543A4CB911A}.Debug|x64.Build.0 = Debug|Any CPU
		{DDA1CA3B-95D0-42DA-9D99-3543A4CB911A}.Debug|x86.ActiveCfg = Debug|Any CPU
		{DDA1CA3B-95D0-42DA-9D99-3543A4CB911A}.Debug|x86.Build.0 = Debug|Any CPU
		{DDA1CA3B-95D0-42DA-9D99-3543A4CB911A}.Release|Any CPU.ActiveCfg = Release|Any CPU
		{DDA1CA3B-95D0-42DA-9D99-3543A4CB911A}.Release|Any CPU.Build.0 = Release|Any CPU
		{DDA1CA3B-95D0-42DA-9D99-3543A4CB911A}.Release|x64.ActiveCfg = Release|Any CPU
		{DDA1CA3B-95D0-42DA-9D99-3543A4CB911A}.Release|x64.Build.0 = Release|Any CPU
		{DDA1CA3B-95D0-42DA-9D99-3543A4CB911A}.Release|x86.ActiveCfg = Release|Any CPU
		{DDA1CA3B-95D0-42DA-9D99-3543A4CB911A}.Release|x86.Build.0 = Release|Any CPU
		{E65C0F95-EDCF-42DD-8E30-646F2F611235}.Debug|Any CPU.ActiveCfg = Debug|Any CPU
		{E65C0F95-EDCF-42DD-8E30-646F2F611235}.Debug|Any CPU.Build.0 = Debug|Any CPU
		{E65C0F95-EDCF-42DD-8E30-646F2F611235}.Debug|x64.ActiveCfg = Debug|Any CPU
		{E65C0F95-EDCF-42DD-8E30-646F2F611235}.Debug|x64.Build.0 = Debug|Any CPU
		{E65C0F95-EDCF-42DD-8E30-646F2F611235}.Debug|x86.ActiveCfg = Debug|Any CPU
		{E65C0F95-EDCF-42DD-8E30-646F2F611235}.Debug|x86.Build.0 = Debug|Any CPU
		{E65C0F95-EDCF-42DD-8E30-646F2F611235}.Release|Any CPU.ActiveCfg = Release|Any CPU
		{E65C0F95-EDCF-42DD-8E30-646F2F611235}.Release|Any CPU.Build.0 = Release|Any CPU
		{E65C0F95-EDCF-42DD-8E30-646F2F611235}.Release|x64.ActiveCfg = Release|Any CPU
		{E65C0F95-EDCF-42DD-8E30-646F2F611235}.Release|x64.Build.0 = Release|Any CPU
		{E65C0F95-EDCF-42DD-8E30-646F2F611235}.Release|x86.ActiveCfg = Release|Any CPU
		{E65C0F95-EDCF-42DD-8E30-646F2F611235}.Release|x86.Build.0 = Release|Any CPU
		{2182AB4F-29B9-4005-AEBA-4F5825DE19ED}.Debug|Any CPU.ActiveCfg = Debug|Any CPU
		{2182AB4F-29B9-4005-AEBA-4F5825DE19ED}.Debug|Any CPU.Build.0 = Debug|Any CPU
		{2182AB4F-29B9-4005-AEBA-4F5825DE19ED}.Debug|x64.ActiveCfg = Debug|Any CPU
		{2182AB4F-29B9-4005-AEBA-4F5825DE19ED}.Debug|x64.Build.0 = Debug|Any CPU
		{2182AB4F-29B9-4005-AEBA-4F5825DE19ED}.Debug|x86.ActiveCfg = Debug|Any CPU
		{2182AB4F-29B9-4005-AEBA-4F5825DE19ED}.Debug|x86.Build.0 = Debug|Any CPU
		{2182AB4F-29B9-4005-AEBA-4F5825DE19ED}.Release|Any CPU.ActiveCfg = Release|Any CPU
		{2182AB4F-29B9-4005-AEBA-4F5825DE19ED}.Release|Any CPU.Build.0 = Release|Any CPU
		{2182AB4F-29B9-4005-AEBA-4F5825DE19ED}.Release|x64.ActiveCfg = Release|Any CPU
		{2182AB4F-29B9-4005-AEBA-4F5825DE19ED}.Release|x64.Build.0 = Release|Any CPU
		{2182AB4F-29B9-4005-AEBA-4F5825DE19ED}.Release|x86.ActiveCfg = Release|Any CPU
		{2182AB4F-29B9-4005-AEBA-4F5825DE19ED}.Release|x86.Build.0 = Release|Any CPU
		{0D9C9E71-BE61-4F67-A0A1-455D1ABDA50B}.Debug|Any CPU.ActiveCfg = Debug|Any CPU
		{0D9C9E71-BE61-4F67-A0A1-455D1ABDA50B}.Debug|Any CPU.Build.0 = Debug|Any CPU
		{0D9C9E71-BE61-4F67-A0A1-455D1ABDA50B}.Debug|x64.ActiveCfg = Debug|Any CPU
		{0D9C9E71-BE61-4F67-A0A1-455D1ABDA50B}.Debug|x64.Build.0 = Debug|Any CPU
		{0D9C9E71-BE61-4F67-A0A1-455D1ABDA50B}.Debug|x86.ActiveCfg = Debug|Any CPU
		{0D9C9E71-BE61-4F67-A0A1-455D1ABDA50B}.Debug|x86.Build.0 = Debug|Any CPU
		{0D9C9E71-BE61-4F67-A0A1-455D1ABDA50B}.Release|Any CPU.ActiveCfg = Release|Any CPU
		{0D9C9E71-BE61-4F67-A0A1-455D1ABDA50B}.Release|Any CPU.Build.0 = Release|Any CPU
		{0D9C9E71-BE61-4F67-A0A1-455D1ABDA50B}.Release|x64.ActiveCfg = Release|Any CPU
		{0D9C9E71-BE61-4F67-A0A1-455D1ABDA50B}.Release|x64.Build.0 = Release|Any CPU
		{0D9C9E71-BE61-4F67-A0A1-455D1ABDA50B}.Release|x86.ActiveCfg = Release|Any CPU
		{0D9C9E71-BE61-4F67-A0A1-455D1ABDA50B}.Release|x86.Build.0 = Release|Any CPU
		{AFDED54B-725D-4E73-8F94-4A1872E2AD41}.Debug|Any CPU.ActiveCfg = Debug|Any CPU
		{AFDED54B-725D-4E73-8F94-4A1872E2AD41}.Debug|Any CPU.Build.0 = Debug|Any CPU
		{AFDED54B-725D-4E73-8F94-4A1872E2AD41}.Debug|x64.ActiveCfg = Debug|Any CPU
		{AFDED54B-725D-4E73-8F94-4A1872E2AD41}.Debug|x64.Build.0 = Debug|Any CPU
		{AFDED54B-725D-4E73-8F94-4A1872E2AD41}.Debug|x86.ActiveCfg = Debug|Any CPU
		{AFDED54B-725D-4E73-8F94-4A1872E2AD41}.Debug|x86.Build.0 = Debug|Any CPU
		{AFDED54B-725D-4E73-8F94-4A1872E2AD41}.Release|Any CPU.ActiveCfg = Release|Any CPU
		{AFDED54B-725D-4E73-8F94-4A1872E2AD41}.Release|Any CPU.Build.0 = Release|Any CPU
		{AFDED54B-725D-4E73-8F94-4A1872E2AD41}.Release|x64.ActiveCfg = Release|Any CPU
		{AFDED54B-725D-4E73-8F94-4A1872E2AD41}.Release|x64.Build.0 = Release|Any CPU
		{AFDED54B-725D-4E73-8F94-4A1872E2AD41}.Release|x86.ActiveCfg = Release|Any CPU
		{AFDED54B-725D-4E73-8F94-4A1872E2AD41}.Release|x86.Build.0 = Release|Any CPU
		{CDE9B3AC-EA99-4C49-AC63-21983AE86AC1}.Debug|Any CPU.ActiveCfg = Debug|Any CPU
		{CDE9B3AC-EA99-4C49-AC63-21983AE86AC1}.Debug|Any CPU.Build.0 = Debug|Any CPU
		{CDE9B3AC-EA99-4C49-AC63-21983AE86AC1}.Debug|x64.ActiveCfg = Debug|Any CPU
		{CDE9B3AC-EA99-4C49-AC63-21983AE86AC1}.Debug|x64.Build.0 = Debug|Any CPU
		{CDE9B3AC-EA99-4C49-AC63-21983AE86AC1}.Debug|x86.ActiveCfg = Debug|Any CPU
		{CDE9B3AC-EA99-4C49-AC63-21983AE86AC1}.Debug|x86.Build.0 = Debug|Any CPU
		{CDE9B3AC-EA99-4C49-AC63-21983AE86AC1}.Release|Any CPU.ActiveCfg = Release|Any CPU
		{CDE9B3AC-EA99-4C49-AC63-21983AE86AC1}.Release|Any CPU.Build.0 = Release|Any CPU
		{CDE9B3AC-EA99-4C49-AC63-21983AE86AC1}.Release|x64.ActiveCfg = Release|Any CPU
		{CDE9B3AC-EA99-4C49-AC63-21983AE86AC1}.Release|x64.Build.0 = Release|Any CPU
		{CDE9B3AC-EA99-4C49-AC63-21983AE86AC1}.Release|x86.ActiveCfg = Release|Any CPU
		{CDE9B3AC-EA99-4C49-AC63-21983AE86AC1}.Release|x86.Build.0 = Release|Any CPU
		{8BBD2E97-BC36-4C27-BAC0-A955D07F19B3}.Debug|Any CPU.ActiveCfg = Debug|Any CPU
		{8BBD2E97-BC36-4C27-BAC0-A955D07F19B3}.Debug|Any CPU.Build.0 = Debug|Any CPU
		{8BBD2E97-BC36-4C27-BAC0-A955D07F19B3}.Debug|x64.ActiveCfg = Debug|Any CPU
		{8BBD2E97-BC36-4C27-BAC0-A955D07F19B3}.Debug|x64.Build.0 = Debug|Any CPU
		{8BBD2E97-BC36-4C27-BAC0-A955D07F19B3}.Debug|x86.ActiveCfg = Debug|Any CPU
		{8BBD2E97-BC36-4C27-BAC0-A955D07F19B3}.Debug|x86.Build.0 = Debug|Any CPU
		{8BBD2E97-BC36-4C27-BAC0-A955D07F19B3}.Release|Any CPU.ActiveCfg = Release|Any CPU
		{8BBD2E97-BC36-4C27-BAC0-A955D07F19B3}.Release|Any CPU.Build.0 = Release|Any CPU
		{8BBD2E97-BC36-4C27-BAC0-A955D07F19B3}.Release|x64.ActiveCfg = Release|Any CPU
		{8BBD2E97-BC36-4C27-BAC0-A955D07F19B3}.Release|x64.Build.0 = Release|Any CPU
		{8BBD2E97-BC36-4C27-BAC0-A955D07F19B3}.Release|x86.ActiveCfg = Release|Any CPU
		{8BBD2E97-BC36-4C27-BAC0-A955D07F19B3}.Release|x86.Build.0 = Release|Any CPU
		{AA0BE51E-5152-4D53-8951-62BE1B3413F6}.Debug|Any CPU.ActiveCfg = Debug|Any CPU
		{AA0BE51E-5152-4D53-8951-62BE1B3413F6}.Debug|Any CPU.Build.0 = Debug|Any CPU
		{AA0BE51E-5152-4D53-8951-62BE1B3413F6}.Debug|x64.ActiveCfg = Debug|Any CPU
		{AA0BE51E-5152-4D53-8951-62BE1B3413F6}.Debug|x64.Build.0 = Debug|Any CPU
		{AA0BE51E-5152-4D53-8951-62BE1B3413F6}.Debug|x86.ActiveCfg = Debug|Any CPU
		{AA0BE51E-5152-4D53-8951-62BE1B3413F6}.Debug|x86.Build.0 = Debug|Any CPU
		{AA0BE51E-5152-4D53-8951-62BE1B3413F6}.Release|Any CPU.ActiveCfg = Release|Any CPU
		{AA0BE51E-5152-4D53-8951-62BE1B3413F6}.Release|Any CPU.Build.0 = Release|Any CPU
		{AA0BE51E-5152-4D53-8951-62BE1B3413F6}.Release|x64.ActiveCfg = Release|Any CPU
		{AA0BE51E-5152-4D53-8951-62BE1B3413F6}.Release|x64.Build.0 = Release|Any CPU
		{AA0BE51E-5152-4D53-8951-62BE1B3413F6}.Release|x86.ActiveCfg = Release|Any CPU
		{AA0BE51E-5152-4D53-8951-62BE1B3413F6}.Release|x86.Build.0 = Release|Any CPU
		{A0384205-4BA9-4024-A304-1CFED3454EA8}.Debug|Any CPU.ActiveCfg = Debug|Any CPU
		{A0384205-4BA9-4024-A304-1CFED3454EA8}.Debug|Any CPU.Build.0 = Debug|Any CPU
		{A0384205-4BA9-4024-A304-1CFED3454EA8}.Debug|x64.ActiveCfg = Debug|Any CPU
		{A0384205-4BA9-4024-A304-1CFED3454EA8}.Debug|x64.Build.0 = Debug|Any CPU
		{A0384205-4BA9-4024-A304-1CFED3454EA8}.Debug|x86.ActiveCfg = Debug|Any CPU
		{A0384205-4BA9-4024-A304-1CFED3454EA8}.Debug|x86.Build.0 = Debug|Any CPU
		{A0384205-4BA9-4024-A304-1CFED3454EA8}.Release|Any CPU.ActiveCfg = Release|Any CPU
		{A0384205-4BA9-4024-A304-1CFED3454EA8}.Release|Any CPU.Build.0 = Release|Any CPU
		{A0384205-4BA9-4024-A304-1CFED3454EA8}.Release|x64.ActiveCfg = Release|Any CPU
		{A0384205-4BA9-4024-A304-1CFED3454EA8}.Release|x64.Build.0 = Release|Any CPU
		{A0384205-4BA9-4024-A304-1CFED3454EA8}.Release|x86.ActiveCfg = Release|Any CPU
		{A0384205-4BA9-4024-A304-1CFED3454EA8}.Release|x86.Build.0 = Release|Any CPU
		{90092C6F-B41B-4AC6-B776-EF1B0EC43F03}.Debug|Any CPU.ActiveCfg = Debug|Any CPU
		{90092C6F-B41B-4AC6-B776-EF1B0EC43F03}.Debug|Any CPU.Build.0 = Debug|Any CPU
		{90092C6F-B41B-4AC6-B776-EF1B0EC43F03}.Debug|x64.ActiveCfg = Debug|Any CPU
		{90092C6F-B41B-4AC6-B776-EF1B0EC43F03}.Debug|x64.Build.0 = Debug|Any CPU
		{90092C6F-B41B-4AC6-B776-EF1B0EC43F03}.Debug|x86.ActiveCfg = Debug|Any CPU
		{90092C6F-B41B-4AC6-B776-EF1B0EC43F03}.Debug|x86.Build.0 = Debug|Any CPU
		{90092C6F-B41B-4AC6-B776-EF1B0EC43F03}.Release|Any CPU.ActiveCfg = Release|Any CPU
		{90092C6F-B41B-4AC6-B776-EF1B0EC43F03}.Release|Any CPU.Build.0 = Release|Any CPU
		{90092C6F-B41B-4AC6-B776-EF1B0EC43F03}.Release|x64.ActiveCfg = Release|Any CPU
		{90092C6F-B41B-4AC6-B776-EF1B0EC43F03}.Release|x64.Build.0 = Release|Any CPU
		{90092C6F-B41B-4AC6-B776-EF1B0EC43F03}.Release|x86.ActiveCfg = Release|Any CPU
		{90092C6F-B41B-4AC6-B776-EF1B0EC43F03}.Release|x86.Build.0 = Release|Any CPU
		{7B03ADBC-00A8-4832-95B1-08FABEBC7082}.Debug|Any CPU.ActiveCfg = Debug|Any CPU
		{7B03ADBC-00A8-4832-95B1-08FABEBC7082}.Debug|Any CPU.Build.0 = Debug|Any CPU
		{7B03ADBC-00A8-4832-95B1-08FABEBC7082}.Debug|x64.ActiveCfg = Debug|Any CPU
		{7B03ADBC-00A8-4832-95B1-08FABEBC7082}.Debug|x64.Build.0 = Debug|Any CPU
		{7B03ADBC-00A8-4832-95B1-08FABEBC7082}.Debug|x86.ActiveCfg = Debug|Any CPU
		{7B03ADBC-00A8-4832-95B1-08FABEBC7082}.Debug|x86.Build.0 = Debug|Any CPU
		{7B03ADBC-00A8-4832-95B1-08FABEBC7082}.Release|Any CPU.ActiveCfg = Release|Any CPU
		{7B03ADBC-00A8-4832-95B1-08FABEBC7082}.Release|Any CPU.Build.0 = Release|Any CPU
		{7B03ADBC-00A8-4832-95B1-08FABEBC7082}.Release|x64.ActiveCfg = Release|Any CPU
		{7B03ADBC-00A8-4832-95B1-08FABEBC7082}.Release|x64.Build.0 = Release|Any CPU
		{7B03ADBC-00A8-4832-95B1-08FABEBC7082}.Release|x86.ActiveCfg = Release|Any CPU
		{7B03ADBC-00A8-4832-95B1-08FABEBC7082}.Release|x86.Build.0 = Release|Any CPU
		{B836DE7F-8FDD-4E57-B0FB-99007F91485E}.Debug|Any CPU.ActiveCfg = Debug|Any CPU
		{B836DE7F-8FDD-4E57-B0FB-99007F91485E}.Debug|Any CPU.Build.0 = Debug|Any CPU
		{B836DE7F-8FDD-4E57-B0FB-99007F91485E}.Debug|x64.ActiveCfg = Debug|Any CPU
		{B836DE7F-8FDD-4E57-B0FB-99007F91485E}.Debug|x64.Build.0 = Debug|Any CPU
		{B836DE7F-8FDD-4E57-B0FB-99007F91485E}.Debug|x86.ActiveCfg = Debug|Any CPU
		{B836DE7F-8FDD-4E57-B0FB-99007F91485E}.Debug|x86.Build.0 = Debug|Any CPU
		{B836DE7F-8FDD-4E57-B0FB-99007F91485E}.Release|Any CPU.ActiveCfg = Release|Any CPU
		{B836DE7F-8FDD-4E57-B0FB-99007F91485E}.Release|Any CPU.Build.0 = Release|Any CPU
		{B836DE7F-8FDD-4E57-B0FB-99007F91485E}.Release|x64.ActiveCfg = Release|Any CPU
		{B836DE7F-8FDD-4E57-B0FB-99007F91485E}.Release|x64.Build.0 = Release|Any CPU
		{B836DE7F-8FDD-4E57-B0FB-99007F91485E}.Release|x86.ActiveCfg = Release|Any CPU
		{B836DE7F-8FDD-4E57-B0FB-99007F91485E}.Release|x86.Build.0 = Release|Any CPU
		{5E0BD421-397B-47EB-98C3-0797D79575DB}.Debug|Any CPU.ActiveCfg = Debug|Any CPU
		{5E0BD421-397B-47EB-98C3-0797D79575DB}.Debug|Any CPU.Build.0 = Debug|Any CPU
		{5E0BD421-397B-47EB-98C3-0797D79575DB}.Debug|x64.ActiveCfg = Debug|Any CPU
		{5E0BD421-397B-47EB-98C3-0797D79575DB}.Debug|x64.Build.0 = Debug|Any CPU
		{5E0BD421-397B-47EB-98C3-0797D79575DB}.Debug|x86.ActiveCfg = Debug|Any CPU
		{5E0BD421-397B-47EB-98C3-0797D79575DB}.Debug|x86.Build.0 = Debug|Any CPU
		{5E0BD421-397B-47EB-98C3-0797D79575DB}.Release|Any CPU.ActiveCfg = Release|Any CPU
		{5E0BD421-397B-47EB-98C3-0797D79575DB}.Release|Any CPU.Build.0 = Release|Any CPU
		{5E0BD421-397B-47EB-98C3-0797D79575DB}.Release|x64.ActiveCfg = Release|Any CPU
		{5E0BD421-397B-47EB-98C3-0797D79575DB}.Release|x64.Build.0 = Release|Any CPU
		{5E0BD421-397B-47EB-98C3-0797D79575DB}.Release|x86.ActiveCfg = Release|Any CPU
		{5E0BD421-397B-47EB-98C3-0797D79575DB}.Release|x86.Build.0 = Release|Any CPU
		{DB9BA7B5-3BD4-4C76-B5B7-8AAACC10C746}.Debug|Any CPU.ActiveCfg = Debug|Any CPU
		{DB9BA7B5-3BD4-4C76-B5B7-8AAACC10C746}.Debug|Any CPU.Build.0 = Debug|Any CPU
		{DB9BA7B5-3BD4-4C76-B5B7-8AAACC10C746}.Debug|x64.ActiveCfg = Debug|Any CPU
		{DB9BA7B5-3BD4-4C76-B5B7-8AAACC10C746}.Debug|x64.Build.0 = Debug|Any CPU
		{DB9BA7B5-3BD4-4C76-B5B7-8AAACC10C746}.Debug|x86.ActiveCfg = Debug|Any CPU
		{DB9BA7B5-3BD4-4C76-B5B7-8AAACC10C746}.Debug|x86.Build.0 = Debug|Any CPU
		{DB9BA7B5-3BD4-4C76-B5B7-8AAACC10C746}.Release|Any CPU.ActiveCfg = Release|Any CPU
		{DB9BA7B5-3BD4-4C76-B5B7-8AAACC10C746}.Release|Any CPU.Build.0 = Release|Any CPU
		{DB9BA7B5-3BD4-4C76-B5B7-8AAACC10C746}.Release|x64.ActiveCfg = Release|Any CPU
		{DB9BA7B5-3BD4-4C76-B5B7-8AAACC10C746}.Release|x64.Build.0 = Release|Any CPU
		{DB9BA7B5-3BD4-4C76-B5B7-8AAACC10C746}.Release|x86.ActiveCfg = Release|Any CPU
		{DB9BA7B5-3BD4-4C76-B5B7-8AAACC10C746}.Release|x86.Build.0 = Release|Any CPU
		{DE47BA74-E5AA-4758-981D-ABD02F103C97}.Debug|Any CPU.ActiveCfg = Debug|Any CPU
		{DE47BA74-E5AA-4758-981D-ABD02F103C97}.Debug|Any CPU.Build.0 = Debug|Any CPU
		{DE47BA74-E5AA-4758-981D-ABD02F103C97}.Debug|x64.ActiveCfg = Debug|Any CPU
		{DE47BA74-E5AA-4758-981D-ABD02F103C97}.Debug|x64.Build.0 = Debug|Any CPU
		{DE47BA74-E5AA-4758-981D-ABD02F103C97}.Debug|x86.ActiveCfg = Debug|Any CPU
		{DE47BA74-E5AA-4758-981D-ABD02F103C97}.Debug|x86.Build.0 = Debug|Any CPU
		{DE47BA74-E5AA-4758-981D-ABD02F103C97}.Release|Any CPU.ActiveCfg = Release|Any CPU
		{DE47BA74-E5AA-4758-981D-ABD02F103C97}.Release|Any CPU.Build.0 = Release|Any CPU
		{DE47BA74-E5AA-4758-981D-ABD02F103C97}.Release|x64.ActiveCfg = Release|Any CPU
		{DE47BA74-E5AA-4758-981D-ABD02F103C97}.Release|x64.Build.0 = Release|Any CPU
		{DE47BA74-E5AA-4758-981D-ABD02F103C97}.Release|x86.ActiveCfg = Release|Any CPU
		{DE47BA74-E5AA-4758-981D-ABD02F103C97}.Release|x86.Build.0 = Release|Any CPU
		{5E3C22C2-5387-4A5C-AEF0-5669BF6BC6FE}.Debug|Any CPU.ActiveCfg = Debug|Any CPU
		{5E3C22C2-5387-4A5C-AEF0-5669BF6BC6FE}.Debug|Any CPU.Build.0 = Debug|Any CPU
		{5E3C22C2-5387-4A5C-AEF0-5669BF6BC6FE}.Debug|x64.ActiveCfg = Debug|Any CPU
		{5E3C22C2-5387-4A5C-AEF0-5669BF6BC6FE}.Debug|x64.Build.0 = Debug|Any CPU
		{5E3C22C2-5387-4A5C-AEF0-5669BF6BC6FE}.Debug|x86.ActiveCfg = Debug|Any CPU
		{5E3C22C2-5387-4A5C-AEF0-5669BF6BC6FE}.Debug|x86.Build.0 = Debug|Any CPU
		{5E3C22C2-5387-4A5C-AEF0-5669BF6BC6FE}.Release|Any CPU.ActiveCfg = Release|Any CPU
		{5E3C22C2-5387-4A5C-AEF0-5669BF6BC6FE}.Release|Any CPU.Build.0 = Release|Any CPU
		{5E3C22C2-5387-4A5C-AEF0-5669BF6BC6FE}.Release|x64.ActiveCfg = Release|Any CPU
		{5E3C22C2-5387-4A5C-AEF0-5669BF6BC6FE}.Release|x64.Build.0 = Release|Any CPU
		{5E3C22C2-5387-4A5C-AEF0-5669BF6BC6FE}.Release|x86.ActiveCfg = Release|Any CPU
		{5E3C22C2-5387-4A5C-AEF0-5669BF6BC6FE}.Release|x86.Build.0 = Release|Any CPU
		{1E7BD462-690C-425F-B8A9-1E5E50C624DE}.Debug|Any CPU.ActiveCfg = Debug|Any CPU
		{1E7BD462-690C-425F-B8A9-1E5E50C624DE}.Debug|Any CPU.Build.0 = Debug|Any CPU
		{1E7BD462-690C-425F-B8A9-1E5E50C624DE}.Debug|x64.ActiveCfg = Debug|Any CPU
		{1E7BD462-690C-425F-B8A9-1E5E50C624DE}.Debug|x64.Build.0 = Debug|Any CPU
		{1E7BD462-690C-425F-B8A9-1E5E50C624DE}.Debug|x86.ActiveCfg = Debug|Any CPU
		{1E7BD462-690C-425F-B8A9-1E5E50C624DE}.Debug|x86.Build.0 = Debug|Any CPU
		{1E7BD462-690C-425F-B8A9-1E5E50C624DE}.Release|Any CPU.ActiveCfg = Release|Any CPU
		{1E7BD462-690C-425F-B8A9-1E5E50C624DE}.Release|Any CPU.Build.0 = Release|Any CPU
		{1E7BD462-690C-425F-B8A9-1E5E50C624DE}.Release|x64.ActiveCfg = Release|Any CPU
		{1E7BD462-690C-425F-B8A9-1E5E50C624DE}.Release|x64.Build.0 = Release|Any CPU
		{1E7BD462-690C-425F-B8A9-1E5E50C624DE}.Release|x86.ActiveCfg = Release|Any CPU
		{1E7BD462-690C-425F-B8A9-1E5E50C624DE}.Release|x86.Build.0 = Release|Any CPU
		{0A761728-4780-476A-80F6-B052CCAF79BA}.Debug|Any CPU.ActiveCfg = Debug|Any CPU
		{0A761728-4780-476A-80F6-B052CCAF79BA}.Debug|Any CPU.Build.0 = Debug|Any CPU
		{0A761728-4780-476A-80F6-B052CCAF79BA}.Debug|x64.ActiveCfg = Debug|Any CPU
		{0A761728-4780-476A-80F6-B052CCAF79BA}.Debug|x64.Build.0 = Debug|Any CPU
		{0A761728-4780-476A-80F6-B052CCAF79BA}.Debug|x86.ActiveCfg = Debug|Any CPU
		{0A761728-4780-476A-80F6-B052CCAF79BA}.Debug|x86.Build.0 = Debug|Any CPU
		{0A761728-4780-476A-80F6-B052CCAF79BA}.Release|Any CPU.ActiveCfg = Release|Any CPU
		{0A761728-4780-476A-80F6-B052CCAF79BA}.Release|Any CPU.Build.0 = Release|Any CPU
		{0A761728-4780-476A-80F6-B052CCAF79BA}.Release|x64.ActiveCfg = Release|Any CPU
		{0A761728-4780-476A-80F6-B052CCAF79BA}.Release|x64.Build.0 = Release|Any CPU
		{0A761728-4780-476A-80F6-B052CCAF79BA}.Release|x86.ActiveCfg = Release|Any CPU
		{0A761728-4780-476A-80F6-B052CCAF79BA}.Release|x86.Build.0 = Release|Any CPU
		{9822863F-B431-4FE8-B4E3-A5FA35224A31}.Debug|Any CPU.ActiveCfg = Debug|Any CPU
		{9822863F-B431-4FE8-B4E3-A5FA35224A31}.Debug|Any CPU.Build.0 = Debug|Any CPU
		{9822863F-B431-4FE8-B4E3-A5FA35224A31}.Debug|x64.ActiveCfg = Debug|Any CPU
		{9822863F-B431-4FE8-B4E3-A5FA35224A31}.Debug|x64.Build.0 = Debug|Any CPU
		{9822863F-B431-4FE8-B4E3-A5FA35224A31}.Debug|x86.ActiveCfg = Debug|Any CPU
		{9822863F-B431-4FE8-B4E3-A5FA35224A31}.Debug|x86.Build.0 = Debug|Any CPU
		{9822863F-B431-4FE8-B4E3-A5FA35224A31}.Release|Any CPU.ActiveCfg = Release|Any CPU
		{9822863F-B431-4FE8-B4E3-A5FA35224A31}.Release|Any CPU.Build.0 = Release|Any CPU
		{9822863F-B431-4FE8-B4E3-A5FA35224A31}.Release|x64.ActiveCfg = Release|Any CPU
		{9822863F-B431-4FE8-B4E3-A5FA35224A31}.Release|x64.Build.0 = Release|Any CPU
		{9822863F-B431-4FE8-B4E3-A5FA35224A31}.Release|x86.ActiveCfg = Release|Any CPU
		{9822863F-B431-4FE8-B4E3-A5FA35224A31}.Release|x86.Build.0 = Release|Any CPU
		{86132F40-BEF0-4D51-A3E7-6894CB5809BA}.Debug|Any CPU.ActiveCfg = Debug|Any CPU
		{86132F40-BEF0-4D51-A3E7-6894CB5809BA}.Debug|Any CPU.Build.0 = Debug|Any CPU
		{86132F40-BEF0-4D51-A3E7-6894CB5809BA}.Debug|x64.ActiveCfg = Debug|Any CPU
		{86132F40-BEF0-4D51-A3E7-6894CB5809BA}.Debug|x64.Build.0 = Debug|Any CPU
		{86132F40-BEF0-4D51-A3E7-6894CB5809BA}.Debug|x86.ActiveCfg = Debug|Any CPU
		{86132F40-BEF0-4D51-A3E7-6894CB5809BA}.Debug|x86.Build.0 = Debug|Any CPU
		{86132F40-BEF0-4D51-A3E7-6894CB5809BA}.Release|Any CPU.ActiveCfg = Release|Any CPU
		{86132F40-BEF0-4D51-A3E7-6894CB5809BA}.Release|Any CPU.Build.0 = Release|Any CPU
		{86132F40-BEF0-4D51-A3E7-6894CB5809BA}.Release|x64.ActiveCfg = Release|Any CPU
		{86132F40-BEF0-4D51-A3E7-6894CB5809BA}.Release|x64.Build.0 = Release|Any CPU
		{86132F40-BEF0-4D51-A3E7-6894CB5809BA}.Release|x86.ActiveCfg = Release|Any CPU
		{86132F40-BEF0-4D51-A3E7-6894CB5809BA}.Release|x86.Build.0 = Release|Any CPU
	EndGlobalSection
	GlobalSection(SolutionProperties) = preSolution
		HideSolutionNode = FALSE
	EndGlobalSection
EndGlobal
