
Microsoft Visual Studio Solution File, Format Version 12.00
# Visual Studio Version 16
VisualStudioVersion = 16.6.30114.105
MinimumVisualStudioVersion = 10.0.40219.1
Project("{FAE04EC0-301F-11D3-BF4B-00C04F79EFBC}") = "R5T.D0098.Construction", "R5T.D0098.Construction\R5T.D0098.Construction.csproj", "{C015B4BF-A8EB-49DE-A682-E70FFE8DB626}"
EndProject
Project("{2150E333-8FDC-42A3-9474-1A3956D46DE8}") = "_Dependencies", "_Dependencies", "{B12A6ECC-7E63-47B8-954A-CDA14E69894C}"
EndProject
Project("{FAE04EC0-301F-11D3-BF4B-00C04F79EFBC}") = "R5T.Plymouth.ProgramAsAService", "..\..\R5T.Plymouth\source\R5T.Plymouth.ProgramAsAService\R5T.Plymouth.ProgramAsAService.csproj", "{D8AF9A17-CE4D-4325-99BC-630402B32F3F}"
EndProject
Project("{FAE04EC0-301F-11D3-BF4B-00C04F79EFBC}") = "R5T.T0027.T009", "..\..\R5T.T0027\source\R5T.T0027.T009\R5T.T0027.T009.csproj", "{C9CC49E5-7A73-4D4A-9C41-7C3704AA4833}"
EndProject
Project("{FAE04EC0-301F-11D3-BF4B-00C04F79EFBC}") = "R5T.D0098.I001", "R5T.D0098.I001\R5T.D0098.I001.csproj", "{B6F9B07C-F1A0-40DD-8B39-FEC75FF4BDE9}"
EndProject
Project("{FAE04EC0-301F-11D3-BF4B-00C04F79EFBC}") = "R5T.D0098.Base", "R5T.D0098.Base\R5T.D0098.Base.csproj", "{7C661ABE-3337-4300-BC33-3A329E603C14}"
EndProject
Project("{FAE04EC0-301F-11D3-BF4B-00C04F79EFBC}") = "R5T.Dacia.Extensions", "..\..\R5T.Dacia.Extensions\source\R5T.Dacia.Extensions\R5T.Dacia.Extensions.csproj", "{F5A46FF2-5D14-44F0-96D1-ABA61C825691}"
EndProject
Project("{FAE04EC0-301F-11D3-BF4B-00C04F79EFBC}") = "R5T.Dacia.T002", "..\..\R5T.Dacia\source\R5T.Dacia.T002\R5T.Dacia.T002.csproj", "{8CBE89C6-E935-480D-A8DA-C5903AE8416A}"
EndProject
Global
	GlobalSection(SolutionConfigurationPlatforms) = preSolution
		Debug|Any CPU = Debug|Any CPU
		Debug|x64 = Debug|x64
		Debug|x86 = Debug|x86
		Release|Any CPU = Release|Any CPU
		Release|x64 = Release|x64
		Release|x86 = Release|x86
	EndGlobalSection
	GlobalSection(SolutionProperties) = preSolution
		HideSolutionNode = FALSE
	EndGlobalSection
	GlobalSection(ProjectConfigurationPlatforms) = postSolution
		{C015B4BF-A8EB-49DE-A682-E70FFE8DB626}.Debug|Any CPU.ActiveCfg = Debug|Any CPU
		{C015B4BF-A8EB-49DE-A682-E70FFE8DB626}.Debug|Any CPU.Build.0 = Debug|Any CPU
		{C015B4BF-A8EB-49DE-A682-E70FFE8DB626}.Debug|x64.ActiveCfg = Debug|Any CPU
		{C015B4BF-A8EB-49DE-A682-E70FFE8DB626}.Debug|x64.Build.0 = Debug|Any CPU
		{C015B4BF-A8EB-49DE-A682-E70FFE8DB626}.Debug|x86.ActiveCfg = Debug|Any CPU
		{C015B4BF-A8EB-49DE-A682-E70FFE8DB626}.Debug|x86.Build.0 = Debug|Any CPU
		{C015B4BF-A8EB-49DE-A682-E70FFE8DB626}.Release|Any CPU.ActiveCfg = Release|Any CPU
		{C015B4BF-A8EB-49DE-A682-E70FFE8DB626}.Release|Any CPU.Build.0 = Release|Any CPU
		{C015B4BF-A8EB-49DE-A682-E70FFE8DB626}.Release|x64.ActiveCfg = Release|Any CPU
		{C015B4BF-A8EB-49DE-A682-E70FFE8DB626}.Release|x64.Build.0 = Release|Any CPU
		{C015B4BF-A8EB-49DE-A682-E70FFE8DB626}.Release|x86.ActiveCfg = Release|Any CPU
		{C015B4BF-A8EB-49DE-A682-E70FFE8DB626}.Release|x86.Build.0 = Release|Any CPU
		{D8AF9A17-CE4D-4325-99BC-630402B32F3F}.Debug|Any CPU.ActiveCfg = Debug|Any CPU
		{D8AF9A17-CE4D-4325-99BC-630402B32F3F}.Debug|Any CPU.Build.0 = Debug|Any CPU
		{D8AF9A17-CE4D-4325-99BC-630402B32F3F}.Debug|x64.ActiveCfg = Debug|Any CPU
		{D8AF9A17-CE4D-4325-99BC-630402B32F3F}.Debug|x64.Build.0 = Debug|Any CPU
		{D8AF9A17-CE4D-4325-99BC-630402B32F3F}.Debug|x86.ActiveCfg = Debug|Any CPU
		{D8AF9A17-CE4D-4325-99BC-630402B32F3F}.Debug|x86.Build.0 = Debug|Any CPU
		{D8AF9A17-CE4D-4325-99BC-630402B32F3F}.Release|Any CPU.ActiveCfg = Release|Any CPU
		{D8AF9A17-CE4D-4325-99BC-630402B32F3F}.Release|Any CPU.Build.0 = Release|Any CPU
		{D8AF9A17-CE4D-4325-99BC-630402B32F3F}.Release|x64.ActiveCfg = Release|Any CPU
		{D8AF9A17-CE4D-4325-99BC-630402B32F3F}.Release|x64.Build.0 = Release|Any CPU
		{D8AF9A17-CE4D-4325-99BC-630402B32F3F}.Release|x86.ActiveCfg = Release|Any CPU
		{D8AF9A17-CE4D-4325-99BC-630402B32F3F}.Release|x86.Build.0 = Release|Any CPU
		{C9CC49E5-7A73-4D4A-9C41-7C3704AA4833}.Debug|Any CPU.ActiveCfg = Debug|Any CPU
		{C9CC49E5-7A73-4D4A-9C41-7C3704AA4833}.Debug|Any CPU.Build.0 = Debug|Any CPU
		{C9CC49E5-7A73-4D4A-9C41-7C3704AA4833}.Debug|x64.ActiveCfg = Debug|Any CPU
		{C9CC49E5-7A73-4D4A-9C41-7C3704AA4833}.Debug|x64.Build.0 = Debug|Any CPU
		{C9CC49E5-7A73-4D4A-9C41-7C3704AA4833}.Debug|x86.ActiveCfg = Debug|Any CPU
		{C9CC49E5-7A73-4D4A-9C41-7C3704AA4833}.Debug|x86.Build.0 = Debug|Any CPU
		{C9CC49E5-7A73-4D4A-9C41-7C3704AA4833}.Release|Any CPU.ActiveCfg = Release|Any CPU
		{C9CC49E5-7A73-4D4A-9C41-7C3704AA4833}.Release|Any CPU.Build.0 = Release|Any CPU
		{C9CC49E5-7A73-4D4A-9C41-7C3704AA4833}.Release|x64.ActiveCfg = Release|Any CPU
		{C9CC49E5-7A73-4D4A-9C41-7C3704AA4833}.Release|x64.Build.0 = Release|Any CPU
		{C9CC49E5-7A73-4D4A-9C41-7C3704AA4833}.Release|x86.ActiveCfg = Release|Any CPU
		{C9CC49E5-7A73-4D4A-9C41-7C3704AA4833}.Release|x86.Build.0 = Release|Any CPU
		{B6F9B07C-F1A0-40DD-8B39-FEC75FF4BDE9}.Debug|Any CPU.ActiveCfg = Debug|Any CPU
		{B6F9B07C-F1A0-40DD-8B39-FEC75FF4BDE9}.Debug|Any CPU.Build.0 = Debug|Any CPU
		{B6F9B07C-F1A0-40DD-8B39-FEC75FF4BDE9}.Debug|x64.ActiveCfg = Debug|Any CPU
		{B6F9B07C-F1A0-40DD-8B39-FEC75FF4BDE9}.Debug|x64.Build.0 = Debug|Any CPU
		{B6F9B07C-F1A0-40DD-8B39-FEC75FF4BDE9}.Debug|x86.ActiveCfg = Debug|Any CPU
		{B6F9B07C-F1A0-40DD-8B39-FEC75FF4BDE9}.Debug|x86.Build.0 = Debug|Any CPU
		{B6F9B07C-F1A0-40DD-8B39-FEC75FF4BDE9}.Release|Any CPU.ActiveCfg = Release|Any CPU
		{B6F9B07C-F1A0-40DD-8B39-FEC75FF4BDE9}.Release|Any CPU.Build.0 = Release|Any CPU
		{B6F9B07C-F1A0-40DD-8B39-FEC75FF4BDE9}.Release|x64.ActiveCfg = Release|Any CPU
		{B6F9B07C-F1A0-40DD-8B39-FEC75FF4BDE9}.Release|x64.Build.0 = Release|Any CPU
		{B6F9B07C-F1A0-40DD-8B39-FEC75FF4BDE9}.Release|x86.ActiveCfg = Release|Any CPU
		{B6F9B07C-F1A0-40DD-8B39-FEC75FF4BDE9}.Release|x86.Build.0 = Release|Any CPU
		{7C661ABE-3337-4300-BC33-3A329E603C14}.Debug|Any CPU.ActiveCfg = Debug|Any CPU
		{7C661ABE-3337-4300-BC33-3A329E603C14}.Debug|Any CPU.Build.0 = Debug|Any CPU
		{7C661ABE-3337-4300-BC33-3A329E603C14}.Debug|x64.ActiveCfg = Debug|Any CPU
		{7C661ABE-3337-4300-BC33-3A329E603C14}.Debug|x64.Build.0 = Debug|Any CPU
		{7C661ABE-3337-4300-BC33-3A329E603C14}.Debug|x86.ActiveCfg = Debug|Any CPU
		{7C661ABE-3337-4300-BC33-3A329E603C14}.Debug|x86.Build.0 = Debug|Any CPU
		{7C661ABE-3337-4300-BC33-3A329E603C14}.Release|Any CPU.ActiveCfg = Release|Any CPU
		{7C661ABE-3337-4300-BC33-3A329E603C14}.Release|Any CPU.Build.0 = Release|Any CPU
		{7C661ABE-3337-4300-BC33-3A329E603C14}.Release|x64.ActiveCfg = Release|Any CPU
		{7C661ABE-3337-4300-BC33-3A329E603C14}.Release|x64.Build.0 = Release|Any CPU
		{7C661ABE-3337-4300-BC33-3A329E603C14}.Release|x86.ActiveCfg = Release|Any CPU
		{7C661ABE-3337-4300-BC33-3A329E603C14}.Release|x86.Build.0 = Release|Any CPU
		{F5A46FF2-5D14-44F0-96D1-ABA61C825691}.Debug|Any CPU.ActiveCfg = Debug|Any CPU
		{F5A46FF2-5D14-44F0-96D1-ABA61C825691}.Debug|Any CPU.Build.0 = Debug|Any CPU
		{F5A46FF2-5D14-44F0-96D1-ABA61C825691}.Debug|x64.ActiveCfg = Debug|Any CPU
		{F5A46FF2-5D14-44F0-96D1-ABA61C825691}.Debug|x64.Build.0 = Debug|Any CPU
		{F5A46FF2-5D14-44F0-96D1-ABA61C825691}.Debug|x86.ActiveCfg = Debug|Any CPU
		{F5A46FF2-5D14-44F0-96D1-ABA61C825691}.Debug|x86.Build.0 = Debug|Any CPU
		{F5A46FF2-5D14-44F0-96D1-ABA61C825691}.Release|Any CPU.ActiveCfg = Release|Any CPU
		{F5A46FF2-5D14-44F0-96D1-ABA61C825691}.Release|Any CPU.Build.0 = Release|Any CPU
		{F5A46FF2-5D14-44F0-96D1-ABA61C825691}.Release|x64.ActiveCfg = Release|Any CPU
		{F5A46FF2-5D14-44F0-96D1-ABA61C825691}.Release|x64.Build.0 = Release|Any CPU
		{F5A46FF2-5D14-44F0-96D1-ABA61C825691}.Release|x86.ActiveCfg = Release|Any CPU
		{F5A46FF2-5D14-44F0-96D1-ABA61C825691}.Release|x86.Build.0 = Release|Any CPU
		{8CBE89C6-E935-480D-A8DA-C5903AE8416A}.Debug|Any CPU.ActiveCfg = Debug|Any CPU
		{8CBE89C6-E935-480D-A8DA-C5903AE8416A}.Debug|Any CPU.Build.0 = Debug|Any CPU
		{8CBE89C6-E935-480D-A8DA-C5903AE8416A}.Debug|x64.ActiveCfg = Debug|Any CPU
		{8CBE89C6-E935-480D-A8DA-C5903AE8416A}.Debug|x64.Build.0 = Debug|Any CPU
		{8CBE89C6-E935-480D-A8DA-C5903AE8416A}.Debug|x86.ActiveCfg = Debug|Any CPU
		{8CBE89C6-E935-480D-A8DA-C5903AE8416A}.Debug|x86.Build.0 = Debug|Any CPU
		{8CBE89C6-E935-480D-A8DA-C5903AE8416A}.Release|Any CPU.ActiveCfg = Release|Any CPU
		{8CBE89C6-E935-480D-A8DA-C5903AE8416A}.Release|Any CPU.Build.0 = Release|Any CPU
		{8CBE89C6-E935-480D-A8DA-C5903AE8416A}.Release|x64.ActiveCfg = Release|Any CPU
		{8CBE89C6-E935-480D-A8DA-C5903AE8416A}.Release|x64.Build.0 = Release|Any CPU
		{8CBE89C6-E935-480D-A8DA-C5903AE8416A}.Release|x86.ActiveCfg = Release|Any CPU
		{8CBE89C6-E935-480D-A8DA-C5903AE8416A}.Release|x86.Build.0 = Release|Any CPU
	EndGlobalSection
	GlobalSection(NestedProjects) = preSolution
		{D8AF9A17-CE4D-4325-99BC-630402B32F3F} = {B12A6ECC-7E63-47B8-954A-CDA14E69894C}
		{C9CC49E5-7A73-4D4A-9C41-7C3704AA4833} = {B12A6ECC-7E63-47B8-954A-CDA14E69894C}
		{F5A46FF2-5D14-44F0-96D1-ABA61C825691} = {B12A6ECC-7E63-47B8-954A-CDA14E69894C}
		{8CBE89C6-E935-480D-A8DA-C5903AE8416A} = {B12A6ECC-7E63-47B8-954A-CDA14E69894C}
	EndGlobalSection
EndGlobal
